
Microsoft Visual Studio Solution File, Format Version 12.00
# Visual Studio 15
VisualStudioVersion = 15.0.28307.1622
MinimumVisualStudioVersion = 10.0.40219.1
Project("{9A19103F-16F7-4668-BE54-9A1E7A4F7556}") = "Chopee", "Shopee\Chopee.csproj", "{F71B43C1-A0CD-4DD3-9AB0-008A8522A568}"
EndProject
Project("{FAE04EC0-301F-11D3-BF4B-00C04F79EFBC}") = "CarrinhoCompras.API", "CarrinhoCompras\CarrinhoCompras.API\CarrinhoCompras.API.csproj", "{77E92AE3-C0B7-4A48-B16C-CECF9BDD3E1F}"
EndProject
Project("{FAE04EC0-301F-11D3-BF4B-00C04F79EFBC}") = "CarrinhoCompras.BLL", "CarrinhoCompras\CarrinhoCompras.BLL\CarrinhoCompras.BLL.csproj", "{7593A5EF-2BE1-4C86-B4B5-296CA2F6CADD}"
EndProject
Project("{FAE04EC0-301F-11D3-BF4B-00C04F79EFBC}") = "CarrinhoCompras.Configuration", "CarrinhoCompras\CarrinhoCompras.Configuration\CarrinhoCompras.Configuration.csproj", "{7EE0BC68-E7B6-4F9C-8911-860F351EFE88}"
EndProject
Project("{FAE04EC0-301F-11D3-BF4B-00C04F79EFBC}") = "CarrinhoCompras.DAL.MySql", "CarrinhoCompras\CarrinhoCompras.DAL.MySql\CarrinhoCompras.DAL.MySql.csproj", "{45C8F05D-B753-4B82-BB87-C72A55D85335}"
EndProject
Project("{2150E333-8FDC-42A3-9474-1A3956D46DE8}") = "Tests", "Tests", "{3F1D5182-9FEE-4BE1-B3EF-8131C3D6EFE7}"
EndProject
Project("{FAE04EC0-301F-11D3-BF4B-00C04F79EFBC}") = "CarrinhoCompras.BLL.Tests", "CarrinhoCompras\CarrinhoCompras.BLL.Tests\CarrinhoCompras.BLL.Tests.csproj", "{526E19CE-3CB0-4288-854A-08D23AA77708}"
EndProject
Project("{2150E333-8FDC-42A3-9474-1A3956D46DE8}") = "DbUp", "DbUp", "{29104AB6-A6D0-45BA-AE81-7D37CBA42251}"
EndProject
Project("{FAE04EC0-301F-11D3-BF4B-00C04F79EFBC}") = "CarrinhoCompras.DbUp.MySql", "CarrinhoCompras\CarrinhoCompras.DbUp.MySql\CarrinhoCompras.DbUp.MySql.csproj", "{A6F8A120-41B8-4D79-B9DD-A0CAC4BCE81D}"
EndProject
Global
	GlobalSection(SolutionConfigurationPlatforms) = preSolution
		Debug|Any CPU = Debug|Any CPU
		Release|Any CPU = Release|Any CPU
	EndGlobalSection
	GlobalSection(ProjectConfigurationPlatforms) = postSolution
		{F71B43C1-A0CD-4DD3-9AB0-008A8522A568}.Debug|Any CPU.ActiveCfg = Debug|Any CPU
		{F71B43C1-A0CD-4DD3-9AB0-008A8522A568}.Debug|Any CPU.Build.0 = Debug|Any CPU
		{F71B43C1-A0CD-4DD3-9AB0-008A8522A568}.Release|Any CPU.ActiveCfg = Release|Any CPU
		{F71B43C1-A0CD-4DD3-9AB0-008A8522A568}.Release|Any CPU.Build.0 = Release|Any CPU
		{77E92AE3-C0B7-4A48-B16C-CECF9BDD3E1F}.Debug|Any CPU.ActiveCfg = Debug|Any CPU
		{77E92AE3-C0B7-4A48-B16C-CECF9BDD3E1F}.Debug|Any CPU.Build.0 = Debug|Any CPU
		{77E92AE3-C0B7-4A48-B16C-CECF9BDD3E1F}.Release|Any CPU.ActiveCfg = Release|Any CPU
		{77E92AE3-C0B7-4A48-B16C-CECF9BDD3E1F}.Release|Any CPU.Build.0 = Release|Any CPU
		{7593A5EF-2BE1-4C86-B4B5-296CA2F6CADD}.Debug|Any CPU.ActiveCfg = Debug|Any CPU
		{7593A5EF-2BE1-4C86-B4B5-296CA2F6CADD}.Debug|Any CPU.Build.0 = Debug|Any CPU
		{7593A5EF-2BE1-4C86-B4B5-296CA2F6CADD}.Release|Any CPU.ActiveCfg = Release|Any CPU
		{7593A5EF-2BE1-4C86-B4B5-296CA2F6CADD}.Release|Any CPU.Build.0 = Release|Any CPU
		{7EE0BC68-E7B6-4F9C-8911-860F351EFE88}.Debug|Any CPU.ActiveCfg = Debug|Any CPU
		{7EE0BC68-E7B6-4F9C-8911-860F351EFE88}.Debug|Any CPU.Build.0 = Debug|Any CPU
		{7EE0BC68-E7B6-4F9C-8911-860F351EFE88}.Release|Any CPU.ActiveCfg = Release|Any CPU
		{7EE0BC68-E7B6-4F9C-8911-860F351EFE88}.Release|Any CPU.Build.0 = Release|Any CPU
		{45C8F05D-B753-4B82-BB87-C72A55D85335}.Debug|Any CPU.ActiveCfg = Debug|Any CPU
		{45C8F05D-B753-4B82-BB87-C72A55D85335}.Debug|Any CPU.Build.0 = Debug|Any CPU
		{45C8F05D-B753-4B82-BB87-C72A55D85335}.Release|Any CPU.ActiveCfg = Release|Any CPU
		{45C8F05D-B753-4B82-BB87-C72A55D85335}.Release|Any CPU.Build.0 = Release|Any CPU
		{526E19CE-3CB0-4288-854A-08D23AA77708}.Debug|Any CPU.ActiveCfg = Debug|Any CPU
		{526E19CE-3CB0-4288-854A-08D23AA77708}.Debug|Any CPU.Build.0 = Debug|Any CPU
		{526E19CE-3CB0-4288-854A-08D23AA77708}.Release|Any CPU.ActiveCfg = Release|Any CPU
		{526E19CE-3CB0-4288-854A-08D23AA77708}.Release|Any CPU.Build.0 = Release|Any CPU
		{A6F8A120-41B8-4D79-B9DD-A0CAC4BCE81D}.Debug|Any CPU.ActiveCfg = Debug|Any CPU
		{A6F8A120-41B8-4D79-B9DD-A0CAC4BCE81D}.Debug|Any CPU.Build.0 = Debug|Any CPU
		{A6F8A120-41B8-4D79-B9DD-A0CAC4BCE81D}.Release|Any CPU.ActiveCfg = Release|Any CPU
		{A6F8A120-41B8-4D79-B9DD-A0CAC4BCE81D}.Release|Any CPU.Build.0 = Release|Any CPU
	EndGlobalSection
	GlobalSection(SolutionProperties) = preSolution
		HideSolutionNode = FALSE
	EndGlobalSection
	GlobalSection(NestedProjects) = preSolution
		{526E19CE-3CB0-4288-854A-08D23AA77708} = {3F1D5182-9FEE-4BE1-B3EF-8131C3D6EFE7}
		{A6F8A120-41B8-4D79-B9DD-A0CAC4BCE81D} = {29104AB6-A6D0-45BA-AE81-7D37CBA42251}
	EndGlobalSection
	GlobalSection(ExtensibilityGlobals) = postSolution
		SolutionGuid = {D28E8CB6-B78F-42F8-B8A7-C04469471D75}
	EndGlobalSection
EndGlobal
